{
    "_readme": [
        "This file locks the dependencies of your project to a known state",
        "Read more about it at https://getcomposer.org/doc/01-basic-usage.md#installing-dependencies",
        "This file is @generated automatically"
    ],
    "content-hash": "fedb19018cac873aaf80e2b042cb40e7",
    "packages": [
        {
            "name": "erusev/parsedown",
            "version": "1.7.4",
            "source": {
                "type": "git",
                "url": "https://github.com/erusev/parsedown.git",
                "reference": "cb17b6477dfff935958ba01325f2e8a2bfa6dab3"
            },
            "dist": {
                "type": "zip",
                "url": "https://api.github.com/repos/erusev/parsedown/zipball/cb17b6477dfff935958ba01325f2e8a2bfa6dab3",
                "reference": "cb17b6477dfff935958ba01325f2e8a2bfa6dab3",
                "shasum": ""
            },
            "require": {
                "ext-mbstring": "*",
                "php": ">=5.3.0"
            },
            "require-dev": {
                "phpunit/phpunit": "^4.8.35"
            },
            "type": "library",
            "autoload": {
                "psr-0": {
                    "Parsedown": ""
                }
            },
            "notification-url": "https://packagist.org/downloads/",
            "license": [
                "MIT"
            ],
            "authors": [
                {
                    "name": "Emanuil Rusev",
                    "email": "hello@erusev.com",
                    "homepage": "http://erusev.com"
                }
            ],
            "description": "Parser for Markdown.",
            "homepage": "http://parsedown.org",
            "keywords": [
                "markdown",
                "parser"
            ],
            "support": {
                "issues": "https://github.com/erusev/parsedown/issues",
                "source": "https://github.com/erusev/parsedown/tree/1.7.x"
            },
            "time": "2019-12-30T22:54:17+00:00"
        },
        {
            "name": "league/html-to-markdown",
            "version": "4.10.0",
            "source": {
                "type": "git",
                "url": "https://github.com/thephpleague/html-to-markdown.git",
                "reference": "0868ae7a552e809e5cd8f93ba022071640408e88"
            },
            "dist": {
                "type": "zip",
                "url": "https://api.github.com/repos/thephpleague/html-to-markdown/zipball/0868ae7a552e809e5cd8f93ba022071640408e88",
                "reference": "0868ae7a552e809e5cd8f93ba022071640408e88",
                "shasum": ""
            },
            "require": {
                "ext-dom": "*",
                "ext-xml": "*",
                "php": ">=5.3.3"
            },
            "require-dev": {
                "mikehaertl/php-shellcommand": "~1.1.0",
                "phpunit/phpunit": "^4.8|^5.7",
                "scrutinizer/ocular": "~1.1"
            },
            "bin": [
                "bin/html-to-markdown"
            ],
            "type": "library",
            "extra": {
                "branch-alias": {
                    "dev-master": "4.10-dev"
                }
            },
            "autoload": {
                "psr-4": {
                    "League\\HTMLToMarkdown\\": "src/"
                }
            },
            "notification-url": "https://packagist.org/downloads/",
            "license": [
                "MIT"
            ],
            "authors": [
                {
                    "name": "Colin O'Dell",
                    "email": "colinodell@gmail.com",
                    "homepage": "https://www.colinodell.com",
                    "role": "Lead Developer"
                },
                {
                    "name": "Nick Cernis",
                    "email": "nick@cern.is",
                    "homepage": "http://modernnerd.net",
                    "role": "Original Author"
                }
            ],
            "description": "An HTML-to-markdown conversion helper for PHP",
            "homepage": "https://github.com/thephpleague/html-to-markdown",
            "keywords": [
                "html",
                "markdown"
            ],
            "support": {
                "issues": "https://github.com/thephpleague/html-to-markdown/issues",
                "source": "https://github.com/thephpleague/html-to-markdown/tree/4.10.0"
            },
            "funding": [
                {
                    "url": "https://www.colinodell.com/sponsor",
                    "type": "custom"
                },
                {
                    "url": "https://www.paypal.me/colinpodell/10.00",
                    "type": "custom"
                },
                {
                    "url": "https://github.com/colinodell",
                    "type": "github"
                },
                {
                    "url": "https://www.patreon.com/colinodell",
                    "type": "patreon"
                }
            ],
            "time": "2020-07-01T00:34:03+00:00"
        },
        {
            "name": "phpmailer/phpmailer",
            "version": "v6.3.0",
            "source": {
                "type": "git",
                "url": "https://github.com/PHPMailer/PHPMailer.git",
                "reference": "4a08cf4cdd2c38d12ee2b9fa69e5d235f37a6dcb"
            },
            "dist": {
                "type": "zip",
                "url": "https://api.github.com/repos/PHPMailer/PHPMailer/zipball/4a08cf4cdd2c38d12ee2b9fa69e5d235f37a6dcb",
                "reference": "4a08cf4cdd2c38d12ee2b9fa69e5d235f37a6dcb",
                "shasum": ""
            },
            "require": {
                "ext-ctype": "*",
                "ext-filter": "*",
                "ext-hash": "*",
                "php": ">=5.5.0"
            },
            "require-dev": {
                "dealerdirect/phpcodesniffer-composer-installer": "^0.7.0",
                "doctrine/annotations": "^1.2",
                "phpcompatibility/php-compatibility": "^9.3.5",
                "roave/security-advisories": "dev-latest",
                "squizlabs/php_codesniffer": "^3.5.6",
                "yoast/phpunit-polyfills": "^0.2.0"
            },
            "suggest": {
                "ext-mbstring": "Needed to send email in multibyte encoding charset",
                "hayageek/oauth2-yahoo": "Needed for Yahoo XOAUTH2 authentication",
                "league/oauth2-google": "Needed for Google XOAUTH2 authentication",
                "psr/log": "For optional PSR-3 debug logging",
                "stevenmaguire/oauth2-microsoft": "Needed for Microsoft XOAUTH2 authentication",
                "symfony/polyfill-mbstring": "To support UTF-8 if the Mbstring PHP extension is not enabled (^1.2)"
            },
            "type": "library",
            "autoload": {
                "psr-4": {
                    "PHPMailer\\PHPMailer\\": "src/"
                }
            },
            "notification-url": "https://packagist.org/downloads/",
            "license": [
                "LGPL-2.1-only"
            ],
            "authors": [
                {
                    "name": "Marcus Bointon",
                    "email": "phpmailer@synchromedia.co.uk"
                },
                {
                    "name": "Jim Jagielski",
                    "email": "jimjag@gmail.com"
                },
                {
                    "name": "Andy Prevost",
                    "email": "codeworxtech@users.sourceforge.net"
                },
                {
                    "name": "Brent R. Matzelle"
                }
            ],
            "description": "PHPMailer is a full-featured email creation and transfer class for PHP",
            "support": {
                "issues": "https://github.com/PHPMailer/PHPMailer/issues",
                "source": "https://github.com/PHPMailer/PHPMailer/tree/v6.3.0"
            },
            "funding": [
                {
                    "url": "https://github.com/Synchro",
                    "type": "github"
                }
            ],
            "time": "2021-02-19T15:28:08+00:00"
        },
        {
            "name": "stripe/stripe-php",
            "version": "v7.76.0",
            "source": {
                "type": "git",
                "url": "https://github.com/stripe/stripe-php.git",
                "reference": "47e66d4186712be33c593fe820dccf270a04d5d6"
            },
            "dist": {
                "type": "zip",
                "url": "https://api.github.com/repos/stripe/stripe-php/zipball/47e66d4186712be33c593fe820dccf270a04d5d6",
                "reference": "47e66d4186712be33c593fe820dccf270a04d5d6",
                "shasum": ""
            },
            "require": {
                "ext-curl": "*",
                "ext-json": "*",
                "ext-mbstring": "*",
                "php": ">=5.6.0"
            },
            "require-dev": {
                "friendsofphp/php-cs-fixer": "2.17.1",
                "php-coveralls/php-coveralls": "^2.1",
                "phpunit/phpunit": "^5.7",
                "squizlabs/php_codesniffer": "^3.3",
                "symfony/process": "~3.4"
            },
            "type": "library",
            "extra": {
                "branch-alias": {
                    "dev-master": "2.0-dev"
                }
            },
            "autoload": {
                "psr-4": {
                    "Stripe\\": "lib/"
                }
            },
            "notification-url": "https://packagist.org/downloads/",
            "license": [
                "MIT"
            ],
            "authors": [
                {
                    "name": "Stripe and contributors",
                    "homepage": "https://github.com/stripe/stripe-php/contributors"
                }
            ],
            "description": "Stripe PHP Library",
            "homepage": "https://stripe.com/",
            "keywords": [
                "api",
                "payment processing",
                "stripe"
            ],
            "support": {
                "issues": "https://github.com/stripe/stripe-php/issues",
                "source": "https://github.com/stripe/stripe-php/tree/v7.76.0"
            },
            "time": "2021-03-22T16:50:21+00:00"
        }
    ],
    "packages-dev": [],
    "aliases": [],
    "minimum-stability": "stable",
    "stability-flags": [],
    "prefer-stable": false,
    "prefer-lowest": false,
    "platform": [],
    "platform-dev": [],
    "plugin-api-version": "2.0.0"
}
